
Microsoft Visual Studio Solution File, Format Version 12.00
# Visual Studio Version 17
VisualStudioVersion = 17.14.36221.1 d17.14
MinimumVisualStudioVersion = 10.0.40219.1
Project("{FAE04EC0-301F-11D3-BF4B-00C04F79EFBC}") = "KindergartenSystem", "KindergartenSystem.csproj", "{9B26DA14-51EF-4FE7-9AEE-187F443FC94E}"
EndProject
Global
	GlobalSection(SolutionConfigurationPlatforms) = preSolution
		Debug|Any CPU = Debug|Any CPU
		Release|Any CPU = Release|Any CPU
	EndGlobalSection
	GlobalSection(ProjectConfigurationPlatforms) = postSolution
		{9B26DA14-51EF-4FE7-9AEE-187F443FC94E}.Debug|Any CPU.ActiveCfg = Debug|Any CPU
		{9B26DA14-51EF-4FE7-9AEE-187F443FC94E}.Debug|Any CPU.Build.0 = Debug|Any CPU
		{9B26DA14-51EF-4FE7-9AEE-187F443FC94E}.Release|Any CPU.ActiveCfg = Release|Any CPU
		{9B26DA14-51EF-4FE7-9AEE-187F443FC94E}.Release|Any CPU.Build.0 = Release|Any CPU
	EndGlobalSection
	GlobalSection(SolutionProperties) = preSolution
		HideSolutionNode = FALSE
	EndGlobalSection
	GlobalSection(ExtensibilityGlobals) = postSolution
		SolutionGuid = {917CA5EF-B3D9-40D4-9F9B-AD0C5DC117D4}
	EndGlobalSection
EndGlobal
